
Microsoft Visual Studio Solution File, Format Version 12.00
# Visual Studio Version 17
VisualStudioVersion = 17.0.31903.59
MinimumVisualStudioVersion = 10.0.40219.1
Project("{FAE04EC0-301F-11D3-BF4B-00C04F79EFBC}") = "TestCore", "TestCore\TestCore.csproj", "{FF4AB699-A6AF-49A1-910A-ADBC83C95136}"
EndProject
Project("{FAE04EC0-301F-11D3-BF4B-00C04F79EFBC}") = "WebTests", "WebTests\WebTests.csproj", "{50289BDB-D3FC-48BD-9624-F44318DC7093}"
EndProject
Project("{FAE04EC0-301F-11D3-BF4B-00C04F79EFBC}") = "ApiTests", "ApiTests\ApiTests.csproj", "{12816C99-EE70-431F-8144-485589D9BFC5}"
EndProject
Project("{FAE04EC0-301F-11D3-BF4B-00C04F79EFBC}") = "MobileTests", "MobileTests\MobileTests.csproj", "{E79DF3E0-FEE1-4FD9-8B47-DDA171845BC2}"
EndProject
Project("{FAE04EC0-301F-11D3-BF4B-00C04F79EFBC}") = "WindowsTests", "WindowsTests\WindowsTests.csproj", "{B5352788-9096-4935-ACF0-01BD49EF9CEB}"
EndProject
Project("{FAE04EC0-301F-11D3-BF4B-00C04F79EFBC}") = "FrameworkTests", "FrameworkTests\FrameworkTests.csproj", "{3BFB96E0-B8F9-4E4E-810D-F6C7F36B8F69}"
EndProject
Global
	GlobalSection(SolutionConfigurationPlatforms) = preSolution
		Debug|Any CPU = Debug|Any CPU
		Debug|x64 = Debug|x64
		Debug|x86 = Debug|x86
		Release|Any CPU = Release|Any CPU
		Release|x64 = Release|x64
		Release|x86 = Release|x86
	EndGlobalSection
	GlobalSection(ProjectConfigurationPlatforms) = postSolution
		{FF4AB699-A6AF-49A1-910A-ADBC83C95136}.Debug|Any CPU.ActiveCfg = Debug|Any CPU
		{FF4AB699-A6AF-49A1-910A-ADBC83C95136}.Debug|Any CPU.Build.0 = Debug|Any CPU
		{FF4AB699-A6AF-49A1-910A-ADBC83C95136}.Debug|x64.ActiveCfg = Debug|Any CPU
		{FF4AB699-A6AF-49A1-910A-ADBC83C95136}.Debug|x64.Build.0 = Debug|Any CPU
		{FF4AB699-A6AF-49A1-910A-ADBC83C95136}.Debug|x86.ActiveCfg = Debug|Any CPU
		{FF4AB699-A6AF-49A1-910A-ADBC83C95136}.Debug|x86.Build.0 = Debug|Any CPU
		{FF4AB699-A6AF-49A1-910A-ADBC83C95136}.Release|Any CPU.ActiveCfg = Release|Any CPU
		{FF4AB699-A6AF-49A1-910A-ADBC83C95136}.Release|Any CPU.Build.0 = Release|Any CPU
		{FF4AB699-A6AF-49A1-910A-ADBC83C95136}.Release|x64.ActiveCfg = Release|Any CPU
		{FF4AB699-A6AF-49A1-910A-ADBC83C95136}.Release|x64.Build.0 = Release|Any CPU
		{FF4AB699-A6AF-49A1-910A-ADBC83C95136}.Release|x86.ActiveCfg = Release|Any CPU
		{FF4AB699-A6AF-49A1-910A-ADBC83C95136}.Release|x86.Build.0 = Release|Any CPU
		{50289BDB-D3FC-48BD-9624-F44318DC7093}.Debug|Any CPU.ActiveCfg = Debug|Any CPU
		{50289BDB-D3FC-48BD-9624-F44318DC7093}.Debug|Any CPU.Build.0 = Debug|Any CPU
		{50289BDB-D3FC-48BD-9624-F44318DC7093}.Debug|x64.ActiveCfg = Debug|Any CPU
		{50289BDB-D3FC-48BD-9624-F44318DC7093}.Debug|x64.Build.0 = Debug|Any CPU
		{50289BDB-D3FC-48BD-9624-F44318DC7093}.Debug|x86.ActiveCfg = Debug|Any CPU
		{50289BDB-D3FC-48BD-9624-F44318DC7093}.Debug|x86.Build.0 = Debug|Any CPU
		{50289BDB-D3FC-48BD-9624-F44318DC7093}.Release|Any CPU.ActiveCfg = Release|Any CPU
		{50289BDB-D3FC-48BD-9624-F44318DC7093}.Release|Any CPU.Build.0 = Release|Any CPU
		{50289BDB-D3FC-48BD-9624-F44318DC7093}.Release|x64.ActiveCfg = Release|Any CPU
		{50289BDB-D3FC-48BD-9624-F44318DC7093}.Release|x64.Build.0 = Release|Any CPU
		{50289BDB-D3FC-48BD-9624-F44318DC7093}.Release|x86.ActiveCfg = Release|Any CPU
		{50289BDB-D3FC-48BD-9624-F44318DC7093}.Release|x86.Build.0 = Release|Any CPU
		{12816C99-EE70-431F-8144-485589D9BFC5}.Debug|Any CPU.ActiveCfg = Debug|Any CPU
		{12816C99-EE70-431F-8144-485589D9BFC5}.Debug|Any CPU.Build.0 = Debug|Any CPU
		{12816C99-EE70-431F-8144-485589D9BFC5}.Debug|x64.ActiveCfg = Debug|Any CPU
		{12816C99-EE70-431F-8144-485589D9BFC5}.Debug|x64.Build.0 = Debug|Any CPU
		{12816C99-EE70-431F-8144-485589D9BFC5}.Debug|x86.ActiveCfg = Debug|Any CPU
		{12816C99-EE70-431F-8144-485589D9BFC5}.Debug|x86.Build.0 = Debug|Any CPU
		{12816C99-EE70-431F-8144-485589D9BFC5}.Release|Any CPU.ActiveCfg = Release|Any CPU
		{12816C99-EE70-431F-8144-485589D9BFC5}.Release|Any CPU.Build.0 = Release|Any CPU
		{12816C99-EE70-431F-8144-485589D9BFC5}.Release|x64.ActiveCfg = Release|Any CPU
		{12816C99-EE70-431F-8144-485589D9BFC5}.Release|x64.Build.0 = Release|Any CPU
		{12816C99-EE70-431F-8144-485589D9BFC5}.Release|x86.ActiveCfg = Release|Any CPU
		{12816C99-EE70-431F-8144-485589D9BFC5}.Release|x86.Build.0 = Release|Any CPU
		{E79DF3E0-FEE1-4FD9-8B47-DDA171845BC2}.Debug|Any CPU.ActiveCfg = Debug|Any CPU
		{E79DF3E0-FEE1-4FD9-8B47-DDA171845BC2}.Debug|Any CPU.Build.0 = Debug|Any CPU
		{E79DF3E0-FEE1-4FD9-8B47-DDA171845BC2}.Debug|x64.ActiveCfg = Debug|Any CPU
		{E79DF3E0-FEE1-4FD9-8B47-DDA171845BC2}.Debug|x64.Build.0 = Debug|Any CPU
		{E79DF3E0-FEE1-4FD9-8B47-DDA171845BC2}.Debug|x86.ActiveCfg = Debug|Any CPU
		{E79DF3E0-FEE1-4FD9-8B47-DDA171845BC2}.Debug|x86.Build.0 = Debug|Any CPU
		{E79DF3E0-FEE1-4FD9-8B47-DDA171845BC2}.Release|Any CPU.ActiveCfg = Release|Any CPU
		{E79DF3E0-FEE1-4FD9-8B47-DDA171845BC2}.Release|Any CPU.Build.0 = Release|Any CPU
		{E79DF3E0-FEE1-4FD9-8B47-DDA171845BC2}.Release|x64.ActiveCfg = Release|Any CPU
		{E79DF3E0-FEE1-4FD9-8B47-DDA171845BC2}.Release|x64.Build.0 = Release|Any CPU
		{E79DF3E0-FEE1-4FD9-8B47-DDA171845BC2}.Release|x86.ActiveCfg = Release|Any CPU
		{E79DF3E0-FEE1-4FD9-8B47-DDA171845BC2}.Release|x86.Build.0 = Release|Any CPU
		{B5352788-9096-4935-ACF0-01BD49EF9CEB}.Debug|Any CPU.ActiveCfg = Debug|Any CPU
		{B5352788-9096-4935-ACF0-01BD49EF9CEB}.Debug|Any CPU.Build.0 = Debug|Any CPU
		{B5352788-9096-4935-ACF0-01BD49EF9CEB}.Debug|x64.ActiveCfg = Debug|Any CPU
		{B5352788-9096-4935-ACF0-01BD49EF9CEB}.Debug|x64.Build.0 = Debug|Any CPU
		{B5352788-9096-4935-ACF0-01BD49EF9CEB}.Debug|x86.ActiveCfg = Debug|Any CPU
		{B5352788-9096-4935-ACF0-01BD49EF9CEB}.Debug|x86.Build.0 = Debug|Any CPU
		{B5352788-9096-4935-ACF0-01BD49EF9CEB}.Release|Any CPU.ActiveCfg = Release|Any CPU
		{B5352788-9096-4935-ACF0-01BD49EF9CEB}.Release|Any CPU.Build.0 = Release|Any CPU
		{B5352788-9096-4935-ACF0-01BD49EF9CEB}.Release|x64.ActiveCfg = Release|Any CPU
		{B5352788-9096-4935-ACF0-01BD49EF9CEB}.Release|x64.Build.0 = Release|Any CPU
		{B5352788-9096-4935-ACF0-01BD49EF9CEB}.Release|x86.ActiveCfg = Release|Any CPU
		{B5352788-9096-4935-ACF0-01BD49EF9CEB}.Release|x86.Build.0 = Release|Any CPU
		{3BFB96E0-B8F9-4E4E-810D-F6C7F36B8F69}.Debug|Any CPU.ActiveCfg = Debug|Any CPU
		{3BFB96E0-B8F9-4E4E-810D-F6C7F36B8F69}.Debug|Any CPU.Build.0 = Debug|Any CPU
		{3BFB96E0-B8F9-4E4E-810D-F6C7F36B8F69}.Debug|x64.ActiveCfg = Debug|Any CPU
		{3BFB96E0-B8F9-4E4E-810D-F6C7F36B8F69}.Debug|x64.Build.0 = Debug|Any CPU
		{3BFB96E0-B8F9-4E4E-810D-F6C7F36B8F69}.Debug|x86.ActiveCfg = Debug|Any CPU
		{3BFB96E0-B8F9-4E4E-810D-F6C7F36B8F69}.Debug|x86.Build.0 = Debug|Any CPU
		{3BFB96E0-B8F9-4E4E-810D-F6C7F36B8F69}.Release|Any CPU.ActiveCfg = Release|Any CPU
		{3BFB96E0-B8F9-4E4E-810D-F6C7F36B8F69}.Release|Any CPU.Build.0 = Release|Any CPU
		{3BFB96E0-B8F9-4E4E-810D-F6C7F36B8F69}.Release|x64.ActiveCfg = Release|Any CPU
		{3BFB96E0-B8F9-4E4E-810D-F6C7F36B8F69}.Release|x64.Build.0 = Release|Any CPU
		{3BFB96E0-B8F9-4E4E-810D-F6C7F36B8F69}.Release|x86.ActiveCfg = Release|Any CPU
		{3BFB96E0-B8F9-4E4E-810D-F6C7F36B8F69}.Release|x86.Build.0 = Release|Any CPU
	EndGlobalSection
	GlobalSection(SolutionProperties) = preSolution
		HideSolutionNode = FALSE
	EndGlobalSection
EndGlobal
